
Microsoft Visual Studio Solution File, Format Version 12.00
# Visual Studio 15
VisualStudioVersion = 15.0.27428.2015
MinimumVisualStudioVersion = 10.0.40219.1
Project("{FAE04EC0-301F-11D3-BF4B-00C04F79EFBC}") = "MusicAssistantTgBot", "MusicAssistantTgBot\MusicAssistantTgBot.csproj", "{F891CBCB-1C70-4B3D-89B4-50F1159371B8}"
EndProject
Global
	GlobalSection(SolutionConfigurationPlatforms) = preSolution
		Debug|Any CPU = Debug|Any CPU
		Release|Any CPU = Release|Any CPU
	EndGlobalSection
	GlobalSection(ProjectConfigurationPlatforms) = postSolution
		{F891CBCB-1C70-4B3D-89B4-50F1159371B8}.Debug|Any CPU.ActiveCfg = Debug|Any CPU
		{F891CBCB-1C70-4B3D-89B4-50F1159371B8}.Debug|Any CPU.Build.0 = Debug|Any CPU
		{F891CBCB-1C70-4B3D-89B4-50F1159371B8}.Release|Any CPU.ActiveCfg = Release|Any CPU
		{F891CBCB-1C70-4B3D-89B4-50F1159371B8}.Release|Any CPU.Build.0 = Release|Any CPU
	EndGlobalSection
	GlobalSection(SolutionProperties) = preSolution
		HideSolutionNode = FALSE
	EndGlobalSection
	GlobalSection(ExtensibilityGlobals) = postSolution
		SolutionGuid = {BFFA77DA-3E84-4B41-814B-36D0AD324D3A}
	EndGlobalSection
EndGlobal
